
Microsoft Visual Studio Solution File, Format Version 12.00
# Visual Studio Version 16
VisualStudioVersion = 16.0.29609.76
MinimumVisualStudioVersion = 10.0.40219.1
Project("{9A19103F-16F7-4668-BE54-9A1E7A4F7556}") = "ROAClient", "core\ROAClient.csproj", "{BD7AFC81-65F9-46D7-A7EA-D756293D589D}"
EndProject
Project("{9A19103F-16F7-4668-BE54-9A1E7A4F7556}") = "test", "tests\test.csproj", "{E2F74BF1-8999-49B6-B081-455601EBBAAC}"
EndProject
Global
	GlobalSection(SolutionConfigurationPlatforms) = preSolution
		Debug|Any CPU = Debug|Any CPU
		Release|Any CPU = Release|Any CPU
	EndGlobalSection
	GlobalSection(ProjectConfigurationPlatforms) = postSolution
		{BD7AFC81-65F9-46D7-A7EA-D756293D589D}.Debug|Any CPU.ActiveCfg = Debug|Any CPU
		{BD7AFC81-65F9-46D7-A7EA-D756293D589D}.Debug|Any CPU.Build.0 = Debug|Any CPU
		{BD7AFC81-65F9-46D7-A7EA-D756293D589D}.Release|Any CPU.ActiveCfg = Release|Any CPU
		{BD7AFC81-65F9-46D7-A7EA-D756293D589D}.Release|Any CPU.Build.0 = Release|Any CPU
		{E2F74BF1-8999-49B6-B081-455601EBBAAC}.Debug|Any CPU.ActiveCfg = Debug|Any CPU
		{E2F74BF1-8999-49B6-B081-455601EBBAAC}.Debug|Any CPU.Build.0 = Debug|Any CPU
		{E2F74BF1-8999-49B6-B081-455601EBBAAC}.Release|Any CPU.ActiveCfg = Release|Any CPU
		{E2F74BF1-8999-49B6-B081-455601EBBAAC}.Release|Any CPU.Build.0 = Release|Any CPU
	EndGlobalSection
	GlobalSection(SolutionProperties) = preSolution
		HideSolutionNode = FALSE
	EndGlobalSection
	GlobalSection(ExtensibilityGlobals) = postSolution
		SolutionGuid = {11D5C29B-5E4C-4C60-AB18-1F11357E2FAE}
	EndGlobalSection
EndGlobal
